
Microsoft Visual Studio Solution File, Format Version 12.00
# Visual Studio Version 17
VisualStudioVersion = 17.4.33213.308
MinimumVisualStudioVersion = 10.0.40219.1
Project("{FAE04EC0-301F-11D3-BF4B-00C04F79EFBC}") = "ConsoleAppSettingsOptions", "ConsoleAppSettingsOptions\ConsoleAppSettingsOptions.csproj", "{BF105334-0578-4821-A16D-EC3886DFCA14}"
EndProject
Project("{9A19103F-16F7-4668-BE54-9A1E7A4F7556}") = "ConsoleAppSettingsOptions.Library.Tests", "ConsoleAppSettingsOptionsTests\ConsoleAppSettingsOptions.Library.Tests.csproj", "{BAA8C171-F3F6-4013-9F2C-F132CA13579D}"
EndProject
Project("{FAE04EC0-301F-11D3-BF4B-00C04F79EFBC}") = "ConsoleAppSettingsOptions.Library", "ConsoleAppSettings.OptionsLibrary\ConsoleAppSettingsOptions.Library.csproj", "{D5D2408C-F983-4BB2-A647-CC833F7274CC}"
EndProject
Global
	GlobalSection(SolutionConfigurationPlatforms) = preSolution
		Debug|Any CPU = Debug|Any CPU
		Release|Any CPU = Release|Any CPU
	EndGlobalSection
	GlobalSection(ProjectConfigurationPlatforms) = postSolution
		{BF105334-0578-4821-A16D-EC3886DFCA14}.Debug|Any CPU.ActiveCfg = Debug|Any CPU
		{BF105334-0578-4821-A16D-EC3886DFCA14}.Debug|Any CPU.Build.0 = Debug|Any CPU
		{BF105334-0578-4821-A16D-EC3886DFCA14}.Release|Any CPU.ActiveCfg = Release|Any CPU
		{BF105334-0578-4821-A16D-EC3886DFCA14}.Release|Any CPU.Build.0 = Release|Any CPU
		{BAA8C171-F3F6-4013-9F2C-F132CA13579D}.Debug|Any CPU.ActiveCfg = Debug|Any CPU
		{BAA8C171-F3F6-4013-9F2C-F132CA13579D}.Debug|Any CPU.Build.0 = Debug|Any CPU
		{BAA8C171-F3F6-4013-9F2C-F132CA13579D}.Release|Any CPU.ActiveCfg = Release|Any CPU
		{BAA8C171-F3F6-4013-9F2C-F132CA13579D}.Release|Any CPU.Build.0 = Release|Any CPU
		{D5D2408C-F983-4BB2-A647-CC833F7274CC}.Debug|Any CPU.ActiveCfg = Debug|Any CPU
		{D5D2408C-F983-4BB2-A647-CC833F7274CC}.Debug|Any CPU.Build.0 = Debug|Any CPU
		{D5D2408C-F983-4BB2-A647-CC833F7274CC}.Release|Any CPU.ActiveCfg = Release|Any CPU
		{D5D2408C-F983-4BB2-A647-CC833F7274CC}.Release|Any CPU.Build.0 = Release|Any CPU
	EndGlobalSection
	GlobalSection(SolutionProperties) = preSolution
		HideSolutionNode = FALSE
	EndGlobalSection
	GlobalSection(ExtensibilityGlobals) = postSolution
		SolutionGuid = {826F287E-31F5-4C72-9BE5-C9F3FDA147FF}
	EndGlobalSection
EndGlobal
